
Microsoft Visual Studio Solution File, Format Version 12.00
# Visual Studio Version 16
VisualStudioVersion = 16.0.29509.3
MinimumVisualStudioVersion = 10.0.40219.1
Project("{FAE04EC0-301F-11D3-BF4B-00C04F79EFBC}") = "Canvas Project", "Canvas Project\Canvas Project.csproj", "{1FC5E9AC-F0ED-4277-B996-DAE94AC82ADA}"
EndProject
Global
	GlobalSection(SolutionConfigurationPlatforms) = preSolution
		Debug|Any CPU = Debug|Any CPU
		Release|Any CPU = Release|Any CPU
	EndGlobalSection
	GlobalSection(ProjectConfigurationPlatforms) = postSolution
		{1FC5E9AC-F0ED-4277-B996-DAE94AC82ADA}.Debug|Any CPU.ActiveCfg = Debug|Any CPU
		{1FC5E9AC-F0ED-4277-B996-DAE94AC82ADA}.Debug|Any CPU.Build.0 = Debug|Any CPU
		{1FC5E9AC-F0ED-4277-B996-DAE94AC82ADA}.Release|Any CPU.ActiveCfg = Release|Any CPU
		{1FC5E9AC-F0ED-4277-B996-DAE94AC82ADA}.Release|Any CPU.Build.0 = Release|Any CPU
	EndGlobalSection
	GlobalSection(SolutionProperties) = preSolution
		HideSolutionNode = FALSE
	EndGlobalSection
	GlobalSection(ExtensibilityGlobals) = postSolution
		SolutionGuid = {3C4D1111-173E-4603-BF81-15D8F04B9F57}
	EndGlobalSection
EndGlobal
